
Microsoft Visual Studio Solution File, Format Version 12.00
# Visual Studio Version 17
VisualStudioVersion = 17.5.002.0
MinimumVisualStudioVersion = 10.0.40219.1
Project("{9A19103F-16F7-4668-BE54-9A1E7A4F7556}") = "RipeConsole", "RipeConsole.csproj", "{9AF8E4E0-AEF0-4B07-85B6-E3DA6DD186BE}"
EndProject
Global
	GlobalSection(SolutionConfigurationPlatforms) = preSolution
		Debug|Any CPU = Debug|Any CPU
		Release|Any CPU = Release|Any CPU
	EndGlobalSection
	GlobalSection(ProjectConfigurationPlatforms) = postSolution
		{9AF8E4E0-AEF0-4B07-85B6-E3DA6DD186BE}.Debug|Any CPU.ActiveCfg = Debug|Any CPU
		{9AF8E4E0-AEF0-4B07-85B6-E3DA6DD186BE}.Debug|Any CPU.Build.0 = Debug|Any CPU
		{9AF8E4E0-AEF0-4B07-85B6-E3DA6DD186BE}.Release|Any CPU.ActiveCfg = Release|Any CPU
		{9AF8E4E0-AEF0-4B07-85B6-E3DA6DD186BE}.Release|Any CPU.Build.0 = Release|Any CPU
	EndGlobalSection
	GlobalSection(SolutionProperties) = preSolution
		HideSolutionNode = FALSE
	EndGlobalSection
	GlobalSection(ExtensibilityGlobals) = postSolution
		SolutionGuid = {20828AE7-41E5-4786-B84A-53AE8C308B7C}
	EndGlobalSection
EndGlobal
